
Microsoft Visual Studio Solution File, Format Version 12.00
# Visual Studio Version 17
VisualStudioVersion = 17.3.32929.385
MinimumVisualStudioVersion = 10.0.40219.1
Project("{FAE04EC0-301F-11D3-BF4B-00C04F79EFBC}") = "THA_W7_Daniel_O", "THA_W7_Daniel_O\THA_W7_Daniel_O.csproj", "{D9542C20-31E0-4443-A9B4-F68E5A01DA1A}"
EndProject
Global
	GlobalSection(SolutionConfigurationPlatforms) = preSolution
		Debug|Any CPU = Debug|Any CPU
		Release|Any CPU = Release|Any CPU
	EndGlobalSection
	GlobalSection(ProjectConfigurationPlatforms) = postSolution
		{D9542C20-31E0-4443-A9B4-F68E5A01DA1A}.Debug|Any CPU.ActiveCfg = Debug|Any CPU
		{D9542C20-31E0-4443-A9B4-F68E5A01DA1A}.Debug|Any CPU.Build.0 = Debug|Any CPU
		{D9542C20-31E0-4443-A9B4-F68E5A01DA1A}.Release|Any CPU.ActiveCfg = Release|Any CPU
		{D9542C20-31E0-4443-A9B4-F68E5A01DA1A}.Release|Any CPU.Build.0 = Release|Any CPU
	EndGlobalSection
	GlobalSection(SolutionProperties) = preSolution
		HideSolutionNode = FALSE
	EndGlobalSection
	GlobalSection(ExtensibilityGlobals) = postSolution
		SolutionGuid = {9187B018-5EA9-4160-8574-0E8E8B0FE4C8}
	EndGlobalSection
EndGlobal
