
Microsoft Visual Studio Solution File, Format Version 12.00
# Visual Studio Version 17
VisualStudioVersion = 17.3.32929.385
MinimumVisualStudioVersion = 10.0.40219.1
Project("{FAE04EC0-301F-11D3-BF4B-00C04F79EFBC}") = "THA_W6_Daniel_O", "THA_W6_Daniel_O\THA_W6_Daniel_O.csproj", "{456F85C3-4AA8-45C5-B7B3-4C3B157C14FF}"
EndProject
Global
	GlobalSection(SolutionConfigurationPlatforms) = preSolution
		Debug|Any CPU = Debug|Any CPU
		Release|Any CPU = Release|Any CPU
	EndGlobalSection
	GlobalSection(ProjectConfigurationPlatforms) = postSolution
		{456F85C3-4AA8-45C5-B7B3-4C3B157C14FF}.Debug|Any CPU.ActiveCfg = Debug|Any CPU
		{456F85C3-4AA8-45C5-B7B3-4C3B157C14FF}.Debug|Any CPU.Build.0 = Debug|Any CPU
		{456F85C3-4AA8-45C5-B7B3-4C3B157C14FF}.Release|Any CPU.ActiveCfg = Release|Any CPU
		{456F85C3-4AA8-45C5-B7B3-4C3B157C14FF}.Release|Any CPU.Build.0 = Release|Any CPU
	EndGlobalSection
	GlobalSection(SolutionProperties) = preSolution
		HideSolutionNode = FALSE
	EndGlobalSection
	GlobalSection(ExtensibilityGlobals) = postSolution
		SolutionGuid = {B5FBC53E-64B5-4360-8F1A-40CBFEC4433D}
	EndGlobalSection
EndGlobal
